
Microsoft Visual Studio Solution File, Format Version 12.00
# Visual Studio Version 16
VisualStudioVersion = 16.0.28803.916
MinimumVisualStudioVersion = 10.0.40219.1
Project("{FAE04EC0-301F-11D3-BF4B-00C04F79EFBC}") = "CA0711", "CA0711\CA0711.csproj", "{B4776CCB-0C58-47A7-826E-5553CA42AC38}"
EndProject
Global
	GlobalSection(SolutionConfigurationPlatforms) = preSolution
		Debug|Any CPU = Debug|Any CPU
		Release|Any CPU = Release|Any CPU
	EndGlobalSection
	GlobalSection(ProjectConfigurationPlatforms) = postSolution
		{B4776CCB-0C58-47A7-826E-5553CA42AC38}.Debug|Any CPU.ActiveCfg = Debug|Any CPU
		{B4776CCB-0C58-47A7-826E-5553CA42AC38}.Debug|Any CPU.Build.0 = Debug|Any CPU
		{B4776CCB-0C58-47A7-826E-5553CA42AC38}.Release|Any CPU.ActiveCfg = Release|Any CPU
		{B4776CCB-0C58-47A7-826E-5553CA42AC38}.Release|Any CPU.Build.0 = Release|Any CPU
	EndGlobalSection
	GlobalSection(SolutionProperties) = preSolution
		HideSolutionNode = FALSE
	EndGlobalSection
	GlobalSection(ExtensibilityGlobals) = postSolution
		SolutionGuid = {E8EDC532-2C5C-489D-93E7-07B88576EE46}
	EndGlobalSection
EndGlobal
